
Microsoft Visual Studio Solution File, Format Version 12.00
# Visual Studio Version 17
VisualStudioVersion = 17.14.36221.1 d17.14
MinimumVisualStudioVersion = 10.0.40219.1
Project("{FAE04EC0-301F-11D3-BF4B-00C04F79EFBC}") = "Assignment", "Assignment\Assignment.csproj", "{8363BE1C-C966-4424-8A7F-8208429D4779}"
EndProject
Project("{FAE04EC0-301F-11D3-BF4B-00C04F79EFBC}") = "Demo", "Demo\Demo.csproj", "{C196A2B0-9BF4-48D1-8F94-FC1CF3E121F5}"
EndProject
Global
	GlobalSection(SolutionConfigurationPlatforms) = preSolution
		Debug|Any CPU = Debug|Any CPU
		Release|Any CPU = Release|Any CPU
	EndGlobalSection
	GlobalSection(ProjectConfigurationPlatforms) = postSolution
		{8363BE1C-C966-4424-8A7F-8208429D4779}.Debug|Any CPU.ActiveCfg = Debug|Any CPU
		{8363BE1C-C966-4424-8A7F-8208429D4779}.Debug|Any CPU.Build.0 = Debug|Any CPU
		{8363BE1C-C966-4424-8A7F-8208429D4779}.Release|Any CPU.ActiveCfg = Release|Any CPU
		{8363BE1C-C966-4424-8A7F-8208429D4779}.Release|Any CPU.Build.0 = Release|Any CPU
		{C196A2B0-9BF4-48D1-8F94-FC1CF3E121F5}.Debug|Any CPU.ActiveCfg = Debug|Any CPU
		{C196A2B0-9BF4-48D1-8F94-FC1CF3E121F5}.Debug|Any CPU.Build.0 = Debug|Any CPU
		{C196A2B0-9BF4-48D1-8F94-FC1CF3E121F5}.Release|Any CPU.ActiveCfg = Release|Any CPU
		{C196A2B0-9BF4-48D1-8F94-FC1CF3E121F5}.Release|Any CPU.Build.0 = Release|Any CPU
	EndGlobalSection
	GlobalSection(SolutionProperties) = preSolution
		HideSolutionNode = FALSE
	EndGlobalSection
	GlobalSection(ExtensibilityGlobals) = postSolution
		SolutionGuid = {DBCFE90B-CC69-4824-B538-44CA4D0D177C}
	EndGlobalSection
EndGlobal
